github.com/starter-go/afs v0.10.0 h1:f8+5D1jHVGihuy3cv3ICUGJ1ptJDiiX7PV5QZymmkfw=
github.com/starter-go/afs v0.10.0/go.mod h1:4kFpBWTz0FLD9jEddUgx1+yivAROz/dd5KZev4r7ozw=
github.com/starter-go/application v0.10.0 h1:rQdSjY8cP49r7DnosfZeycdKyqIt0uWVj/oOtJLrO5Q=
github.com/starter-go/application v0.10.0/go.mod h1:Qa/T5p3r+yF3qBocH7ISTZycwRSR2lMw4G9eyXoZ3ho=
github.com/starter-go/base v0.10.0 h1:f2wuxeZXv+Gdfo2JzbbpuEfD0YKlJABvS1AnYyWikOE=
github.com/starter-go/base v0.10.0/go.mod h1:MMqPMFzwPHjKyfX0cMmkpAAbeJ0tJupFbI8D+x27fJM=
github.com/starter-go/configen v0.0.0-20240808074138-30de1adf37ed h1:M2a7T859WdgePU0bZsTkXwH1kWWO+PG96MxBcboWrOU=
github.com/starter-go/configen v0.0.0-20240808074138-30de1adf37ed/go.mod h1:0/b+YCh9TfNLAmnYUniqdX/xOH3VnR7He1VRln2SIos=
github.com/starter-go/configen v0.10.0 h1:7/D7TkrH2mFWDGhyLkFSvgzG/o7lXPNL7UCukJgpXLA=
github.com/starter-go/configen v0.10.0/go.mod h1:cBiN6PJIVLe2Z/UNpI0++autmEB/SkOoUmph8VZiiBA=
github.com/starter-go/starter v1.0.14 h1:TPVTOlKrU/9XBuSVy2hzQb13gKT1Sbup/s3vQ5GrhqM=
github.com/starter-go/starter v1.0.14/go.mod h1:6yqAF+I/kEXPbcCczo6Bg2icETyxG9AyhdjmMoUeFq8=
github.com/starter-go/units v0.10.0 h1:j0vzqEkxWCFCDcbv/D23lQmMkZdbPyrxc6hHIXDkK9c=
github.com/starter-go/units v0.10.0/go.mod h1:wEiJ8qJFhX1cU0Dw5n05iMJV0SRk9oEzJcngUTVMr04=
github.com/starter-go/vlog v0.10.0 h1:K9jkGPFqCTfMZYF69rcgcPDjYckEHOJHT6Jw2h3zQJU=
github.com/starter-go/vlog v0.10.0/go.mod h1:Nn0xWwukI8AezNUlZdecVbkmEEz18X4Z6v8BzhJeSa0=
golang.org/x/sys v0.22.0 h1:RI27ohtqKCnwULzJLqkv897zojh5/DwS/ENaMzUOaWI=
golang.org/x/sys v0.22.0/go.mod h1:/VUhepiaJMQUp4+oa/7Zr1D23ma6VTLIYjOOTFZPUcA=
